{"1.2.0",
[{<<"jsx">>,{pkg,<<"jsx">>,<<"3.0.0">>},0},
 {<<"quickrand">>,{pkg,<<"quickrand">>,<<"2.0.1">>},1},
 {<<"uuid_erl">>,{pkg,<<"uuid_erl">>,<<"2.0.1">>},0}]}.
[
{pkg_hash,[
 {<<"jsx">>, <<"20A170ABD4335FC6DB24D5FAD1E5D677C55DADF83D1B20A8A33B5FE159892A39">>},
 {<<"quickrand">>, <<"6D861FA11E6EB51BB2343A2616EFF704C2681A9997F41ABC78E58FA76DA33981">>},
 {<<"uuid_erl">>, <<"1FD9079C544D521063897887A1C5B3302DCA98F9BB06AADCDC6FB0663F256797">>}]},
{pkg_hash_ext,[
 {<<"jsx">>, <<"37BECA0435F5CA8A2F45F76A46211E76418FBEF80C36F0361C249FC75059DC6D">>},
 {<<"quickrand">>, <<"14DB67D4AEF6B8815810EC9F3CCEF5E324B73B56CAE3687F99D752B85BDD4C96">>},
 {<<"uuid_erl">>, <<"AB57CACCD51F170011E5F444CE865F84B41605E483A9EFCC468C1AFAEC87553B">>}]}
].
